
Microsoft Visual Studio Solution File, Format Version 12.00
# Visual Studio Version 16
VisualStudioVersion = 16.0.31205.134
MinimumVisualStudioVersion = 10.0.40219.1
Project("{FAE04EC0-301F-11D3-BF4B-00C04F79EFBC}") = "Mocking", "Mocking.csproj", "{731FC883-CD48-4169-96CB-D443A78D3913}"
EndProject
Project("{FAE04EC0-301F-11D3-BF4B-00C04F79EFBC}") = "MockTesting", "MockTesting\MockTesting.csproj", "{4C0C6609-5005-4F04-B61F-7930B72398A9}"
EndProject
Global
	GlobalSection(SolutionConfigurationPlatforms) = preSolution
		Debug|Any CPU = Debug|Any CPU
		Release|Any CPU = Release|Any CPU
	EndGlobalSection
	GlobalSection(ProjectConfigurationPlatforms) = postSolution
		{731FC883-CD48-4169-96CB-D443A78D3913}.Debug|Any CPU.ActiveCfg = Debug|Any CPU
		{731FC883-CD48-4169-96CB-D443A78D3913}.Debug|Any CPU.Build.0 = Debug|Any CPU
		{731FC883-CD48-4169-96CB-D443A78D3913}.Release|Any CPU.ActiveCfg = Release|Any CPU
		{731FC883-CD48-4169-96CB-D443A78D3913}.Release|Any CPU.Build.0 = Release|Any CPU
		{4C0C6609-5005-4F04-B61F-7930B72398A9}.Debug|Any CPU.ActiveCfg = Debug|Any CPU
		{4C0C6609-5005-4F04-B61F-7930B72398A9}.Debug|Any CPU.Build.0 = Debug|Any CPU
		{4C0C6609-5005-4F04-B61F-7930B72398A9}.Release|Any CPU.ActiveCfg = Release|Any CPU
		{4C0C6609-5005-4F04-B61F-7930B72398A9}.Release|Any CPU.Build.0 = Release|Any CPU
	EndGlobalSection
	GlobalSection(SolutionProperties) = preSolution
		HideSolutionNode = FALSE
	EndGlobalSection
	GlobalSection(ExtensibilityGlobals) = postSolution
		SolutionGuid = {08C5C4B1-6568-45C8-819F-B686FDE5504F}
	EndGlobalSection
EndGlobal
